
Microsoft Visual Studio Solution File, Format Version 12.00
# Visual Studio Version 17
VisualStudioVersion = 17.0.31903.59
MinimumVisualStudioVersion = 10.0.40219.1
Project("{FAE04EC0-301F-11D3-BF4B-00C04F79EFBC}") = "AprendendoC#", "AprendendoC#\AprendendoC#.csproj", "{D250B4D3-8CFE-41DA-9896-6B356C661230}"
EndProject
Project("{FAE04EC0-301F-11D3-BF4B-00C04F79EFBC}") = "retribuicao", "retribuicao\retribuicao.csproj", "{8DC1C21C-7452-406A-AA9D-5EF9F5100022}"
EndProject
Project("{FAE04EC0-301F-11D3-BF4B-00C04F79EFBC}") = "cadeiasChar", "cadeiasChar\cadeiasChar.csproj", "{925137EB-3FF8-4E34-99DA-B3247B698272}"
EndProject
Project("{FAE04EC0-301F-11D3-BF4B-00C04F79EFBC}") = "Concatenacao", "Concatenacao\Concatenacao.csproj", "{D8345164-AF6C-4BE1-BFB4-461EAC6DD625}"
EndProject
Project("{FAE04EC0-301F-11D3-BF4B-00C04F79EFBC}") = "Adicao", "Adicao\Adicao.csproj", "{92F56679-092C-4975-BBD0-9DDC22CF7753}"
EndProject
Project("{FAE04EC0-301F-11D3-BF4B-00C04F79EFBC}") = "Operation", "Operation\Operation.csproj", "{23324A1D-FA02-4DED-93DC-E31242A57C42}"
EndProject
Project("{FAE04EC0-301F-11D3-BF4B-00C04F79EFBC}") = "Incremation", "Incremation\Incremation.csproj", "{FE080D61-24E9-4546-AB8B-5A4578680E1B}"
EndProject
Project("{FAE04EC0-301F-11D3-BF4B-00C04F79EFBC}") = "Temperatura", "Temperatura\Temperatura.csproj", "{D989EB27-C77B-4F2C-9811-6D17B6A82580}"
EndProject
Project("{FAE04EC0-301F-11D3-BF4B-00C04F79EFBC}") = "MediaAlunos", "MediaAlunos\MediaAlunos.csproj", "{A31C64CA-0DB6-412A-B892-D1107EF2AD93}"
EndProject
Project("{FAE04EC0-301F-11D3-BF4B-00C04F79EFBC}") = "Formatacao", "Formatacao\Formatacao.csproj", "{00F0093B-989F-4E5F-86E4-45280A24DA1C}"
EndProject
Project("{FAE04EC0-301F-11D3-BF4B-00C04F79EFBC}") = "maximo", "maximo\maximo.csproj", "{61B6E304-B79C-4DBF-96CB-81B974F34E51}"
EndProject
Project("{FAE04EC0-301F-11D3-BF4B-00C04F79EFBC}") = "NumAleatorio", "NumAleatorio\NumAleatorio.csproj", "{B66DA802-3012-4D15-B3C4-192AF6747756}"
EndProject
Project("{FAE04EC0-301F-11D3-BF4B-00C04F79EFBC}") = "RenovavaoAssinatura", "RenovavaoAssinatura\RenovavaoAssinatura.csproj", "{307BE672-5549-419B-AF7A-8EE366F1BBBA}"
EndProject
Project("{FAE04EC0-301F-11D3-BF4B-00C04F79EFBC}") = "Matriz", "Matriz\Matriz.csproj", "{62AD3562-4D39-4E75-B5B8-DF67DF924EC9}"
EndProject
Project("{FAE04EC0-301F-11D3-BF4B-00C04F79EFBC}") = "Loop", "Loop\Loop.csproj", "{C5257183-207E-4C81-B68A-3ADEAB699DC8}"
EndProject
Project("{FAE04EC0-301F-11D3-BF4B-00C04F79EFBC}") = "DicaComentar", "DicaComentar\DicaComentar.csproj", "{75EB1015-45A9-42D8-A939-702E414CBAAA}"
EndProject
Project("{FAE04EC0-301F-11D3-BF4B-00C04F79EFBC}") = "Matrizes", "Matrizes\Matrizes.csproj", "{A53FBB69-67DB-42C1-9D9E-F6FC8FA62AC2}"
EndProject
Project("{FAE04EC0-301F-11D3-BF4B-00C04F79EFBC}") = "Notas", "Notas\Notas.csproj", "{6271C081-1AE1-408E-9754-92D0DEC06DC1}"
EndProject
Project("{FAE04EC0-301F-11D3-BF4B-00C04F79EFBC}") = "EspressaoBooleana", "EspressaoBooleana\EspressaoBooleana.csproj", "{D13CD0E5-341F-4769-9D91-23515283CDFF}"
EndProject
Project("{FAE04EC0-301F-11D3-BF4B-00C04F79EFBC}") = "Escopo", "Escopo\Escopo.csproj", "{21A91130-1BF2-42C3-9776-30714523155C}"
EndProject
Project("{FAE04EC0-301F-11D3-BF4B-00C04F79EFBC}") = "UtilizacaoSwitch-case", "UtilizacaoSwitch-case\UtilizacaoSwitch-case.csproj", "{4DE1D683-BFED-4669-8AEB-BA40737ABAC3}"
EndProject
Project("{FAE04EC0-301F-11D3-BF4B-00C04F79EFBC}") = "Loop01", "Loop01\Loop01.csproj", "{BC35AF3D-E85E-4FDE-B9D9-B01EC1B26565}"
EndProject
Project("{FAE04EC0-301F-11D3-BF4B-00C04F79EFBC}") = "FizzBuzz", "FizzBuzz\FizzBuzz.csproj", "{72105197-0FA5-4A03-A6D3-6C3E44FCB682}"
EndProject
Project("{FAE04EC0-301F-11D3-BF4B-00C04F79EFBC}") = "Loop02", "Loop02\Loop02.csproj", "{A16EFF4F-7BDA-4F7C-A813-F198953014AA}"
EndProject
Project("{FAE04EC0-301F-11D3-BF4B-00C04F79EFBC}") = "Projeto1", "Projeto1\Projeto1.csproj", "{D04FF086-08D2-45B3-BCAA-AF1F945CE3AC}"
EndProject
Project("{FAE04EC0-301F-11D3-BF4B-00C04F79EFBC}") = "Projeto2", "Projeto2\Projeto2.csproj", "{6F72761C-45EA-41B7-91EA-1B1F0B262F5D}"
EndProject
Project("{FAE04EC0-301F-11D3-BF4B-00C04F79EFBC}") = "Projeto3", "Projeto3\Projeto3.csproj", "{CE7812F6-D126-41C9-B8DA-C2D5A6D46FCD}"
EndProject
Project("{FAE04EC0-301F-11D3-BF4B-00C04F79EFBC}") = "Final", "..\..\..\Downloads\Guided-project-branching-looping-CSharp-main\Guided-project-branching-looping-CSharp-main\GuidedProject\Final\Final.csproj", "{21E7153B-8B2E-41C0-BC5D-9F3E756BCC58}"
EndProject
Project("{FAE04EC0-301F-11D3-BF4B-00C04F79EFBC}") = "AnimaisDestimacao", "AnimaisDestimacao\AnimaisDestimacao.csproj", "{ADEB91F6-1E5C-483F-85E9-A348D6710478}"
EndProject
Project("{FAE04EC0-301F-11D3-BF4B-00C04F79EFBC}") = "TiposNum", "TiposNum\TiposNum.csproj", "{F610E66B-CF7D-4D94-93F4-8A647C1BF101}"
EndProject
Project("{FAE04EC0-301F-11D3-BF4B-00C04F79EFBC}") = "MatrizCaracter", "MatrizCaracter\MatrizCaracter.csproj", "{34DA3026-17B2-409F-91AE-9AC616355AE6}"
EndProject
Global
	GlobalSection(SolutionConfigurationPlatforms) = preSolution
		Debug|Any CPU = Debug|Any CPU
		Release|Any CPU = Release|Any CPU
	EndGlobalSection
	GlobalSection(SolutionProperties) = preSolution
		HideSolutionNode = FALSE
	EndGlobalSection
	GlobalSection(ProjectConfigurationPlatforms) = postSolution
		{D250B4D3-8CFE-41DA-9896-6B356C661230}.Debug|Any CPU.ActiveCfg = Debug|Any CPU
		{D250B4D3-8CFE-41DA-9896-6B356C661230}.Debug|Any CPU.Build.0 = Debug|Any CPU
		{D250B4D3-8CFE-41DA-9896-6B356C661230}.Release|Any CPU.ActiveCfg = Release|Any CPU
		{D250B4D3-8CFE-41DA-9896-6B356C661230}.Release|Any CPU.Build.0 = Release|Any CPU
		{8DC1C21C-7452-406A-AA9D-5EF9F5100022}.Debug|Any CPU.ActiveCfg = Debug|Any CPU
		{8DC1C21C-7452-406A-AA9D-5EF9F5100022}.Debug|Any CPU.Build.0 = Debug|Any CPU
		{8DC1C21C-7452-406A-AA9D-5EF9F5100022}.Release|Any CPU.ActiveCfg = Release|Any CPU
		{8DC1C21C-7452-406A-AA9D-5EF9F5100022}.Release|Any CPU.Build.0 = Release|Any CPU
		{925137EB-3FF8-4E34-99DA-B3247B698272}.Debug|Any CPU.ActiveCfg = Debug|Any CPU
		{925137EB-3FF8-4E34-99DA-B3247B698272}.Debug|Any CPU.Build.0 = Debug|Any CPU
		{925137EB-3FF8-4E34-99DA-B3247B698272}.Release|Any CPU.ActiveCfg = Release|Any CPU
		{925137EB-3FF8-4E34-99DA-B3247B698272}.Release|Any CPU.Build.0 = Release|Any CPU
		{D8345164-AF6C-4BE1-BFB4-461EAC6DD625}.Debug|Any CPU.ActiveCfg = Debug|Any CPU
		{D8345164-AF6C-4BE1-BFB4-461EAC6DD625}.Debug|Any CPU.Build.0 = Debug|Any CPU
		{D8345164-AF6C-4BE1-BFB4-461EAC6DD625}.Release|Any CPU.ActiveCfg = Release|Any CPU
		{D8345164-AF6C-4BE1-BFB4-461EAC6DD625}.Release|Any CPU.Build.0 = Release|Any CPU
		{92F56679-092C-4975-BBD0-9DDC22CF7753}.Debug|Any CPU.ActiveCfg = Debug|Any CPU
		{92F56679-092C-4975-BBD0-9DDC22CF7753}.Debug|Any CPU.Build.0 = Debug|Any CPU
		{92F56679-092C-4975-BBD0-9DDC22CF7753}.Release|Any CPU.ActiveCfg = Release|Any CPU
		{92F56679-092C-4975-BBD0-9DDC22CF7753}.Release|Any CPU.Build.0 = Release|Any CPU
		{23324A1D-FA02-4DED-93DC-E31242A57C42}.Debug|Any CPU.ActiveCfg = Debug|Any CPU
		{23324A1D-FA02-4DED-93DC-E31242A57C42}.Debug|Any CPU.Build.0 = Debug|Any CPU
		{23324A1D-FA02-4DED-93DC-E31242A57C42}.Release|Any CPU.ActiveCfg = Release|Any CPU
		{23324A1D-FA02-4DED-93DC-E31242A57C42}.Release|Any CPU.Build.0 = Release|Any CPU
		{FE080D61-24E9-4546-AB8B-5A4578680E1B}.Debug|Any CPU.ActiveCfg = Debug|Any CPU
		{FE080D61-24E9-4546-AB8B-5A4578680E1B}.Debug|Any CPU.Build.0 = Debug|Any CPU
		{FE080D61-24E9-4546-AB8B-5A4578680E1B}.Release|Any CPU.ActiveCfg = Release|Any CPU
		{FE080D61-24E9-4546-AB8B-5A4578680E1B}.Release|Any CPU.Build.0 = Release|Any CPU
		{D989EB27-C77B-4F2C-9811-6D17B6A82580}.Debug|Any CPU.ActiveCfg = Debug|Any CPU
		{D989EB27-C77B-4F2C-9811-6D17B6A82580}.Debug|Any CPU.Build.0 = Debug|Any CPU
		{D989EB27-C77B-4F2C-9811-6D17B6A82580}.Release|Any CPU.ActiveCfg = Release|Any CPU
		{D989EB27-C77B-4F2C-9811-6D17B6A82580}.Release|Any CPU.Build.0 = Release|Any CPU
		{A31C64CA-0DB6-412A-B892-D1107EF2AD93}.Debug|Any CPU.ActiveCfg = Debug|Any CPU
		{A31C64CA-0DB6-412A-B892-D1107EF2AD93}.Debug|Any CPU.Build.0 = Debug|Any CPU
		{A31C64CA-0DB6-412A-B892-D1107EF2AD93}.Release|Any CPU.ActiveCfg = Release|Any CPU
		{A31C64CA-0DB6-412A-B892-D1107EF2AD93}.Release|Any CPU.Build.0 = Release|Any CPU
		{00F0093B-989F-4E5F-86E4-45280A24DA1C}.Debug|Any CPU.ActiveCfg = Debug|Any CPU
		{00F0093B-989F-4E5F-86E4-45280A24DA1C}.Debug|Any CPU.Build.0 = Debug|Any CPU
		{00F0093B-989F-4E5F-86E4-45280A24DA1C}.Release|Any CPU.ActiveCfg = Release|Any CPU
		{00F0093B-989F-4E5F-86E4-45280A24DA1C}.Release|Any CPU.Build.0 = Release|Any CPU
		{61B6E304-B79C-4DBF-96CB-81B974F34E51}.Debug|Any CPU.ActiveCfg = Debug|Any CPU
		{61B6E304-B79C-4DBF-96CB-81B974F34E51}.Debug|Any CPU.Build.0 = Debug|Any CPU
		{61B6E304-B79C-4DBF-96CB-81B974F34E51}.Release|Any CPU.ActiveCfg = Release|Any CPU
		{61B6E304-B79C-4DBF-96CB-81B974F34E51}.Release|Any CPU.Build.0 = Release|Any CPU
		{B66DA802-3012-4D15-B3C4-192AF6747756}.Debug|Any CPU.ActiveCfg = Debug|Any CPU
		{B66DA802-3012-4D15-B3C4-192AF6747756}.Debug|Any CPU.Build.0 = Debug|Any CPU
		{B66DA802-3012-4D15-B3C4-192AF6747756}.Release|Any CPU.ActiveCfg = Release|Any CPU
		{B66DA802-3012-4D15-B3C4-192AF6747756}.Release|Any CPU.Build.0 = Release|Any CPU
		{307BE672-5549-419B-AF7A-8EE366F1BBBA}.Debug|Any CPU.ActiveCfg = Debug|Any CPU
		{307BE672-5549-419B-AF7A-8EE366F1BBBA}.Debug|Any CPU.Build.0 = Debug|Any CPU
		{307BE672-5549-419B-AF7A-8EE366F1BBBA}.Release|Any CPU.ActiveCfg = Release|Any CPU
		{307BE672-5549-419B-AF7A-8EE366F1BBBA}.Release|Any CPU.Build.0 = Release|Any CPU
		{62AD3562-4D39-4E75-B5B8-DF67DF924EC9}.Debug|Any CPU.ActiveCfg = Debug|Any CPU
		{62AD3562-4D39-4E75-B5B8-DF67DF924EC9}.Debug|Any CPU.Build.0 = Debug|Any CPU
		{62AD3562-4D39-4E75-B5B8-DF67DF924EC9}.Release|Any CPU.ActiveCfg = Release|Any CPU
		{62AD3562-4D39-4E75-B5B8-DF67DF924EC9}.Release|Any CPU.Build.0 = Release|Any CPU
		{C5257183-207E-4C81-B68A-3ADEAB699DC8}.Debug|Any CPU.ActiveCfg = Debug|Any CPU
		{C5257183-207E-4C81-B68A-3ADEAB699DC8}.Debug|Any CPU.Build.0 = Debug|Any CPU
		{C5257183-207E-4C81-B68A-3ADEAB699DC8}.Release|Any CPU.ActiveCfg = Release|Any CPU
		{C5257183-207E-4C81-B68A-3ADEAB699DC8}.Release|Any CPU.Build.0 = Release|Any CPU
		{75EB1015-45A9-42D8-A939-702E414CBAAA}.Debug|Any CPU.ActiveCfg = Debug|Any CPU
		{75EB1015-45A9-42D8-A939-702E414CBAAA}.Debug|Any CPU.Build.0 = Debug|Any CPU
		{75EB1015-45A9-42D8-A939-702E414CBAAA}.Release|Any CPU.ActiveCfg = Release|Any CPU
		{75EB1015-45A9-42D8-A939-702E414CBAAA}.Release|Any CPU.Build.0 = Release|Any CPU
		{A53FBB69-67DB-42C1-9D9E-F6FC8FA62AC2}.Debug|Any CPU.ActiveCfg = Debug|Any CPU
		{A53FBB69-67DB-42C1-9D9E-F6FC8FA62AC2}.Debug|Any CPU.Build.0 = Debug|Any CPU
		{A53FBB69-67DB-42C1-9D9E-F6FC8FA62AC2}.Release|Any CPU.ActiveCfg = Release|Any CPU
		{A53FBB69-67DB-42C1-9D9E-F6FC8FA62AC2}.Release|Any CPU.Build.0 = Release|Any CPU
		{6271C081-1AE1-408E-9754-92D0DEC06DC1}.Debug|Any CPU.ActiveCfg = Debug|Any CPU
		{6271C081-1AE1-408E-9754-92D0DEC06DC1}.Debug|Any CPU.Build.0 = Debug|Any CPU
		{6271C081-1AE1-408E-9754-92D0DEC06DC1}.Release|Any CPU.ActiveCfg = Release|Any CPU
		{6271C081-1AE1-408E-9754-92D0DEC06DC1}.Release|Any CPU.Build.0 = Release|Any CPU
		{D13CD0E5-341F-4769-9D91-23515283CDFF}.Debug|Any CPU.ActiveCfg = Debug|Any CPU
		{D13CD0E5-341F-4769-9D91-23515283CDFF}.Debug|Any CPU.Build.0 = Debug|Any CPU
		{D13CD0E5-341F-4769-9D91-23515283CDFF}.Release|Any CPU.ActiveCfg = Release|Any CPU
		{D13CD0E5-341F-4769-9D91-23515283CDFF}.Release|Any CPU.Build.0 = Release|Any CPU
		{21A91130-1BF2-42C3-9776-30714523155C}.Debug|Any CPU.ActiveCfg = Debug|Any CPU
		{21A91130-1BF2-42C3-9776-30714523155C}.Debug|Any CPU.Build.0 = Debug|Any CPU
		{21A91130-1BF2-42C3-9776-30714523155C}.Release|Any CPU.ActiveCfg = Release|Any CPU
		{21A91130-1BF2-42C3-9776-30714523155C}.Release|Any CPU.Build.0 = Release|Any CPU
		{4DE1D683-BFED-4669-8AEB-BA40737ABAC3}.Debug|Any CPU.ActiveCfg = Debug|Any CPU
		{4DE1D683-BFED-4669-8AEB-BA40737ABAC3}.Debug|Any CPU.Build.0 = Debug|Any CPU
		{4DE1D683-BFED-4669-8AEB-BA40737ABAC3}.Release|Any CPU.ActiveCfg = Release|Any CPU
		{4DE1D683-BFED-4669-8AEB-BA40737ABAC3}.Release|Any CPU.Build.0 = Release|Any CPU
		{BC35AF3D-E85E-4FDE-B9D9-B01EC1B26565}.Debug|Any CPU.ActiveCfg = Debug|Any CPU
		{BC35AF3D-E85E-4FDE-B9D9-B01EC1B26565}.Debug|Any CPU.Build.0 = Debug|Any CPU
		{BC35AF3D-E85E-4FDE-B9D9-B01EC1B26565}.Release|Any CPU.ActiveCfg = Release|Any CPU
		{BC35AF3D-E85E-4FDE-B9D9-B01EC1B26565}.Release|Any CPU.Build.0 = Release|Any CPU
		{72105197-0FA5-4A03-A6D3-6C3E44FCB682}.Debug|Any CPU.ActiveCfg = Debug|Any CPU
		{72105197-0FA5-4A03-A6D3-6C3E44FCB682}.Debug|Any CPU.Build.0 = Debug|Any CPU
		{72105197-0FA5-4A03-A6D3-6C3E44FCB682}.Release|Any CPU.ActiveCfg = Release|Any CPU
		{72105197-0FA5-4A03-A6D3-6C3E44FCB682}.Release|Any CPU.Build.0 = Release|Any CPU
		{A16EFF4F-7BDA-4F7C-A813-F198953014AA}.Debug|Any CPU.ActiveCfg = Debug|Any CPU
		{A16EFF4F-7BDA-4F7C-A813-F198953014AA}.Debug|Any CPU.Build.0 = Debug|Any CPU
		{A16EFF4F-7BDA-4F7C-A813-F198953014AA}.Release|Any CPU.ActiveCfg = Release|Any CPU
		{A16EFF4F-7BDA-4F7C-A813-F198953014AA}.Release|Any CPU.Build.0 = Release|Any CPU
		{D04FF086-08D2-45B3-BCAA-AF1F945CE3AC}.Debug|Any CPU.ActiveCfg = Debug|Any CPU
		{D04FF086-08D2-45B3-BCAA-AF1F945CE3AC}.Debug|Any CPU.Build.0 = Debug|Any CPU
		{D04FF086-08D2-45B3-BCAA-AF1F945CE3AC}.Release|Any CPU.ActiveCfg = Release|Any CPU
		{D04FF086-08D2-45B3-BCAA-AF1F945CE3AC}.Release|Any CPU.Build.0 = Release|Any CPU
		{6F72761C-45EA-41B7-91EA-1B1F0B262F5D}.Debug|Any CPU.ActiveCfg = Debug|Any CPU
		{6F72761C-45EA-41B7-91EA-1B1F0B262F5D}.Debug|Any CPU.Build.0 = Debug|Any CPU
		{6F72761C-45EA-41B7-91EA-1B1F0B262F5D}.Release|Any CPU.ActiveCfg = Release|Any CPU
		{6F72761C-45EA-41B7-91EA-1B1F0B262F5D}.Release|Any CPU.Build.0 = Release|Any CPU
		{CE7812F6-D126-41C9-B8DA-C2D5A6D46FCD}.Debug|Any CPU.ActiveCfg = Debug|Any CPU
		{CE7812F6-D126-41C9-B8DA-C2D5A6D46FCD}.Debug|Any CPU.Build.0 = Debug|Any CPU
		{CE7812F6-D126-41C9-B8DA-C2D5A6D46FCD}.Release|Any CPU.ActiveCfg = Release|Any CPU
		{CE7812F6-D126-41C9-B8DA-C2D5A6D46FCD}.Release|Any CPU.Build.0 = Release|Any CPU
		{21E7153B-8B2E-41C0-BC5D-9F3E756BCC58}.Debug|Any CPU.ActiveCfg = Debug|Any CPU
		{21E7153B-8B2E-41C0-BC5D-9F3E756BCC58}.Debug|Any CPU.Build.0 = Debug|Any CPU
		{21E7153B-8B2E-41C0-BC5D-9F3E756BCC58}.Release|Any CPU.ActiveCfg = Release|Any CPU
		{21E7153B-8B2E-41C0-BC5D-9F3E756BCC58}.Release|Any CPU.Build.0 = Release|Any CPU
		{ADEB91F6-1E5C-483F-85E9-A348D6710478}.Debug|Any CPU.ActiveCfg = Debug|Any CPU
		{ADEB91F6-1E5C-483F-85E9-A348D6710478}.Debug|Any CPU.Build.0 = Debug|Any CPU
		{ADEB91F6-1E5C-483F-85E9-A348D6710478}.Release|Any CPU.ActiveCfg = Release|Any CPU
		{ADEB91F6-1E5C-483F-85E9-A348D6710478}.Release|Any CPU.Build.0 = Release|Any CPU
		{F610E66B-CF7D-4D94-93F4-8A647C1BF101}.Debug|Any CPU.ActiveCfg = Debug|Any CPU
		{F610E66B-CF7D-4D94-93F4-8A647C1BF101}.Debug|Any CPU.Build.0 = Debug|Any CPU
		{F610E66B-CF7D-4D94-93F4-8A647C1BF101}.Release|Any CPU.ActiveCfg = Release|Any CPU
		{F610E66B-CF7D-4D94-93F4-8A647C1BF101}.Release|Any CPU.Build.0 = Release|Any CPU
		{34DA3026-17B2-409F-91AE-9AC616355AE6}.Debug|Any CPU.ActiveCfg = Debug|Any CPU
		{34DA3026-17B2-409F-91AE-9AC616355AE6}.Debug|Any CPU.Build.0 = Debug|Any CPU
		{34DA3026-17B2-409F-91AE-9AC616355AE6}.Release|Any CPU.ActiveCfg = Release|Any CPU
		{34DA3026-17B2-409F-91AE-9AC616355AE6}.Release|Any CPU.Build.0 = Release|Any CPU
	EndGlobalSection
EndGlobal
