
Microsoft Visual Studio Solution File, Format Version 12.00
# Visual Studio Version 17
VisualStudioVersion = 17.0.31903.59
MinimumVisualStudioVersion = 10.0.40219.1
Project("{FAE04EC0-301F-11D3-BF4B-00C04F79EFBC}") = "AprendendoC#", "AprendendoC#\AprendendoC#.csproj", "{D250B4D3-8CFE-41DA-9896-6B356C661230}"
EndProject
Project("{FAE04EC0-301F-11D3-BF4B-00C04F79EFBC}") = "retribuicao", "retribuicao\retribuicao.csproj", "{8DC1C21C-7452-406A-AA9D-5EF9F5100022}"
EndProject
Project("{FAE04EC0-301F-11D3-BF4B-00C04F79EFBC}") = "cadeiasChar", "cadeiasChar\cadeiasChar.csproj", "{925137EB-3FF8-4E34-99DA-B3247B698272}"
EndProject
Project("{FAE04EC0-301F-11D3-BF4B-00C04F79EFBC}") = "Concatenacao", "Concatenacao\Concatenacao.csproj", "{D8345164-AF6C-4BE1-BFB4-461EAC6DD625}"
EndProject
Project("{FAE04EC0-301F-11D3-BF4B-00C04F79EFBC}") = "Adicao", "Adicao\Adicao.csproj", "{92F56679-092C-4975-BBD0-9DDC22CF7753}"
EndProject
Project("{FAE04EC0-301F-11D3-BF4B-00C04F79EFBC}") = "Operation", "Operation\Operation.csproj", "{23324A1D-FA02-4DED-93DC-E31242A57C42}"
EndProject
Project("{FAE04EC0-301F-11D3-BF4B-00C04F79EFBC}") = "Incremation", "Incremation\Incremation.csproj", "{FE080D61-24E9-4546-AB8B-5A4578680E1B}"
EndProject
Global
	GlobalSection(SolutionConfigurationPlatforms) = preSolution
		Debug|Any CPU = Debug|Any CPU
		Release|Any CPU = Release|Any CPU
	EndGlobalSection
	GlobalSection(SolutionProperties) = preSolution
		HideSolutionNode = FALSE
	EndGlobalSection
	GlobalSection(ProjectConfigurationPlatforms) = postSolution
		{D250B4D3-8CFE-41DA-9896-6B356C661230}.Debug|Any CPU.ActiveCfg = Debug|Any CPU
		{D250B4D3-8CFE-41DA-9896-6B356C661230}.Debug|Any CPU.Build.0 = Debug|Any CPU
		{D250B4D3-8CFE-41DA-9896-6B356C661230}.Release|Any CPU.ActiveCfg = Release|Any CPU
		{D250B4D3-8CFE-41DA-9896-6B356C661230}.Release|Any CPU.Build.0 = Release|Any CPU
		{8DC1C21C-7452-406A-AA9D-5EF9F5100022}.Debug|Any CPU.ActiveCfg = Debug|Any CPU
		{8DC1C21C-7452-406A-AA9D-5EF9F5100022}.Debug|Any CPU.Build.0 = Debug|Any CPU
		{8DC1C21C-7452-406A-AA9D-5EF9F5100022}.Release|Any CPU.ActiveCfg = Release|Any CPU
		{8DC1C21C-7452-406A-AA9D-5EF9F5100022}.Release|Any CPU.Build.0 = Release|Any CPU
		{925137EB-3FF8-4E34-99DA-B3247B698272}.Debug|Any CPU.ActiveCfg = Debug|Any CPU
		{925137EB-3FF8-4E34-99DA-B3247B698272}.Debug|Any CPU.Build.0 = Debug|Any CPU
		{925137EB-3FF8-4E34-99DA-B3247B698272}.Release|Any CPU.ActiveCfg = Release|Any CPU
		{925137EB-3FF8-4E34-99DA-B3247B698272}.Release|Any CPU.Build.0 = Release|Any CPU
		{D8345164-AF6C-4BE1-BFB4-461EAC6DD625}.Debug|Any CPU.ActiveCfg = Debug|Any CPU
		{D8345164-AF6C-4BE1-BFB4-461EAC6DD625}.Debug|Any CPU.Build.0 = Debug|Any CPU
		{D8345164-AF6C-4BE1-BFB4-461EAC6DD625}.Release|Any CPU.ActiveCfg = Release|Any CPU
		{D8345164-AF6C-4BE1-BFB4-461EAC6DD625}.Release|Any CPU.Build.0 = Release|Any CPU
		{92F56679-092C-4975-BBD0-9DDC22CF7753}.Debug|Any CPU.ActiveCfg = Debug|Any CPU
		{92F56679-092C-4975-BBD0-9DDC22CF7753}.Debug|Any CPU.Build.0 = Debug|Any CPU
		{92F56679-092C-4975-BBD0-9DDC22CF7753}.Release|Any CPU.ActiveCfg = Release|Any CPU
		{92F56679-092C-4975-BBD0-9DDC22CF7753}.Release|Any CPU.Build.0 = Release|Any CPU
		{23324A1D-FA02-4DED-93DC-E31242A57C42}.Debug|Any CPU.ActiveCfg = Debug|Any CPU
		{23324A1D-FA02-4DED-93DC-E31242A57C42}.Debug|Any CPU.Build.0 = Debug|Any CPU
		{23324A1D-FA02-4DED-93DC-E31242A57C42}.Release|Any CPU.ActiveCfg = Release|Any CPU
		{23324A1D-FA02-4DED-93DC-E31242A57C42}.Release|Any CPU.Build.0 = Release|Any CPU
		{FE080D61-24E9-4546-AB8B-5A4578680E1B}.Debug|Any CPU.ActiveCfg = Debug|Any CPU
		{FE080D61-24E9-4546-AB8B-5A4578680E1B}.Debug|Any CPU.Build.0 = Debug|Any CPU
		{FE080D61-24E9-4546-AB8B-5A4578680E1B}.Release|Any CPU.ActiveCfg = Release|Any CPU
		{FE080D61-24E9-4546-AB8B-5A4578680E1B}.Release|Any CPU.Build.0 = Release|Any CPU
	EndGlobalSection
EndGlobal
